{
  "name": "domination",
  "version": "1.0.0",
  "lockfileVersion": 2,
  "requires": true,
  "packages": {
    "": {
      "name": "domination",
      "version": "1.0.0",
      "license": "ISC",
      "dependencies": {
        "fast-xml-parser": "^4.0.9"
      },
      "devDependencies": {
        "@tsconfig/node18-strictest-esm": "^1.0.1",
        "@types/node": "^18.7.14",
        "typescript": "^4.8.2"
      }
    },
    "node_modules/@tsconfig/node18-strictest-esm": {
      "version": "1.0.1",
      "resolved": "https://registry.npmjs.org/@tsconfig/node18-strictest-esm/-/node18-strictest-esm-1.0.1.tgz",
      "integrity": "sha512-cHzmAqw7CMbyqROWeBgVhard3F2V6zxOSJnQ4E6SJWruXD5ypuP9/QKekwBdfXQ4oUTaizIICKIwb+v3v33t0w==",
      "dev": true
    },
    "node_modules/@types/node": {
      "version": "18.7.14",
      "resolved": "https://registry.npmjs.org/@types/node/-/node-18.7.14.tgz",
      "integrity": "sha512-6bbDaETVi8oyIARulOE9qF1/Qdi/23z6emrUh0fNJRUmjznqrixD4MpGDdgOFk5Xb0m2H6Xu42JGdvAxaJR/wA==",
      "dev": true
    },
    "node_modules/fast-xml-parser": {
      "version": "4.0.9",
      "resolved": "https://registry.npmjs.org/fast-xml-parser/-/fast-xml-parser-4.0.9.tgz",
      "integrity": "sha512-4G8EzDg2Nb1Qurs3f7BpFV4+jpMVsdgLVuG1Uv8O2OHJfVCg7gcA53obuKbmVqzd4Y7YXVBK05oJG7hzGIdyzg==",
      "dependencies": {
        "strnum": "^1.0.5"
      },
      "bin": {
        "fxparser": "src/cli/cli.js"
      },
      "funding": {
        "type": "paypal",
        "url": "https://paypal.me/naturalintelligence"
      }
    },
    "node_modules/strnum": {
      "version": "1.0.5",
      "resolved": "https://registry.npmjs.org/strnum/-/strnum-1.0.5.tgz",
      "integrity": "sha512-J8bbNyKKXl5qYcR36TIO8W3mVGVHrmmxsd5PAItGkmyzwJvybiw2IVq5nqd0i4LSNSkB/sx9VHllbfFdr9k1JA=="
    },
    "node_modules/typescript": {
      "version": "4.8.2",
      "resolved": "https://registry.npmjs.org/typescript/-/typescript-4.8.2.tgz",
      "integrity": "sha512-C0I1UsrrDHo2fYI5oaCGbSejwX4ch+9Y5jTQELvovfmFkK3HHSZJB8MSJcWLmCUBzQBchCrZ9rMRV6GuNrvGtw==",
      "dev": true,
      "bin": {
        "tsc": "bin/tsc",
        "tsserver": "bin/tsserver"
      },
      "engines": {
        "node": ">=4.2.0"
      }
    }
  },
  "dependencies": {
    "@tsconfig/node18-strictest-esm": {
      "version": "1.0.1",
      "resolved": "https://registry.npmjs.org/@tsconfig/node18-strictest-esm/-/node18-strictest-esm-1.0.1.tgz",
      "integrity": "sha512-cHzmAqw7CMbyqROWeBgVhard3F2V6zxOSJnQ4E6SJWruXD5ypuP9/QKekwBdfXQ4oUTaizIICKIwb+v3v33t0w==",
      "dev": true
    },
    "@types/node": {
      "version": "18.7.14",
      "resolved": "https://registry.npmjs.org/@types/node/-/node-18.7.14.tgz",
      "integrity": "sha512-6bbDaETVi8oyIARulOE9qF1/Qdi/23z6emrUh0fNJRUmjznqrixD4MpGDdgOFk5Xb0m2H6Xu42JGdvAxaJR/wA==",
      "dev": true
    },
    "fast-xml-parser": {
      "version": "4.0.9",
      "resolved": "https://registry.npmjs.org/fast-xml-parser/-/fast-xml-parser-4.0.9.tgz",
      "integrity": "sha512-4G8EzDg2Nb1Qurs3f7BpFV4+jpMVsdgLVuG1Uv8O2OHJfVCg7gcA53obuKbmVqzd4Y7YXVBK05oJG7hzGIdyzg==",
      "requires": {
        "strnum": "^1.0.5"
      }
    },
    "strnum": {
      "version": "1.0.5",
      "resolved": "https://registry.npmjs.org/strnum/-/strnum-1.0.5.tgz",
      "integrity": "sha512-J8bbNyKKXl5qYcR36TIO8W3mVGVHrmmxsd5PAItGkmyzwJvybiw2IVq5nqd0i4LSNSkB/sx9VHllbfFdr9k1JA=="
    },
    "typescript": {
      "version": "4.8.2",
      "resolved": "https://registry.npmjs.org/typescript/-/typescript-4.8.2.tgz",
      "integrity": "sha512-C0I1UsrrDHo2fYI5oaCGbSejwX4ch+9Y5jTQELvovfmFkK3HHSZJB8MSJcWLmCUBzQBchCrZ9rMRV6GuNrvGtw==",
      "dev": true
    }
  }
}
